
Microsoft Visual Studio Solution File, Format Version 12.00
# Visual Studio Version 17
VisualStudioVersion = 17.11.35312.102
MinimumVisualStudioVersion = 10.0.40219.1
Project("{FAE04EC0-301F-11D3-BF4B-00C04F79EFBC}") = "Monogame - Final Project", "Monogame - Final Project\Monogame - Final Project.csproj", "{879C9D69-A6A4-49BE-AD78-608B929C0702}"
EndProject
Global
	GlobalSection(SolutionConfigurationPlatforms) = preSolution
		Debug|Any CPU = Debug|Any CPU
		Release|Any CPU = Release|Any CPU
	EndGlobalSection
	GlobalSection(ProjectConfigurationPlatforms) = postSolution
		{879C9D69-A6A4-49BE-AD78-608B929C0702}.Debug|Any CPU.ActiveCfg = Debug|Any CPU
		{879C9D69-A6A4-49BE-AD78-608B929C0702}.Debug|Any CPU.Build.0 = Debug|Any CPU
		{879C9D69-A6A4-49BE-AD78-608B929C0702}.Release|Any CPU.ActiveCfg = Release|Any CPU
		{879C9D69-A6A4-49BE-AD78-608B929C0702}.Release|Any CPU.Build.0 = Release|Any CPU
	EndGlobalSection
	GlobalSection(SolutionProperties) = preSolution
		HideSolutionNode = FALSE
	EndGlobalSection
	GlobalSection(ExtensibilityGlobals) = postSolution
		SolutionGuid = {08CFF66F-F8B4-4C7C-8DC1-6A1A26C9B1EA}
	EndGlobalSection
EndGlobal
